
Microsoft Visual Studio Solution File, Format Version 12.00
# Visual Studio Version 17
VisualStudioVersion = 17.9.34616.47
MinimumVisualStudioVersion = 10.0.40219.1
Project("{9A19103F-16F7-4668-BE54-9A1E7A4F7556}") = "Contacts", "Contacts\Contacts.csproj", "{38C0FAB7-6747-423F-A5CD-085DC44951A9}"
EndProject
Project("{9A19103F-16F7-4668-BE54-9A1E7A4F7556}") = "Api", "Api\Api.csproj", "{AA362BFC-5677-4ACD-8239-403775B26246}"
EndProject
Global
	GlobalSection(SolutionConfigurationPlatforms) = preSolution
		Debug|Any CPU = Debug|Any CPU
		Release|Any CPU = Release|Any CPU
	EndGlobalSection
	GlobalSection(ProjectConfigurationPlatforms) = postSolution
		{38C0FAB7-6747-423F-A5CD-085DC44951A9}.Debug|Any CPU.ActiveCfg = Debug|Any CPU
		{38C0FAB7-6747-423F-A5CD-085DC44951A9}.Debug|Any CPU.Build.0 = Debug|Any CPU
		{38C0FAB7-6747-423F-A5CD-085DC44951A9}.Release|Any CPU.ActiveCfg = Release|Any CPU
		{38C0FAB7-6747-423F-A5CD-085DC44951A9}.Release|Any CPU.Build.0 = Release|Any CPU
		{AA362BFC-5677-4ACD-8239-403775B26246}.Debug|Any CPU.ActiveCfg = Debug|Any CPU
		{AA362BFC-5677-4ACD-8239-403775B26246}.Debug|Any CPU.Build.0 = Debug|Any CPU
		{AA362BFC-5677-4ACD-8239-403775B26246}.Release|Any CPU.ActiveCfg = Release|Any CPU
		{AA362BFC-5677-4ACD-8239-403775B26246}.Release|Any CPU.Build.0 = Release|Any CPU
	EndGlobalSection
	GlobalSection(SolutionProperties) = preSolution
		HideSolutionNode = FALSE
	EndGlobalSection
	GlobalSection(ExtensibilityGlobals) = postSolution
		SolutionGuid = {1585A796-0274-4391-899D-2FB3C57D9899}
	EndGlobalSection
EndGlobal
